// !$*UTF8*$!
{
	archiveVersion = 1;
	classes = {
	};
	objectVersion = 48;
	objects = {

/* Begin PBXBuildFile section */
		2619B75B2253D9F20083F150 /* GoogleService-Info.plist in Resources */ = {isa = PBXBuildFile; fileRef = 2619B75A2253D9F20083F150 /* GoogleService-Info.plist */; };
		2619B75D2253DA610083F150 /* CityListView.swift in Sources */ = {isa = PBXBuildFile; fileRef = 2619B75C2253DA610083F150 /* CityListView.swift */; };
		2619B7652253DB360083F150 /* knExtensions.swift in Sources */ = {isa = PBXBuildFile; fileRef = 2619B7632253DB360083F150 /* knExtensions.swift */; };
		2619B7662253DB360083F150 /* UIMaker.swift in Sources */ = {isa = PBXBuildFile; fileRef = 2619B7622253DB360083F150 /* UIMaker.swift */; };
		2619B7672253DB360083F150 /* knConstraints.swift in Sources */ = {isa = PBXBuildFile; fileRef = 2619B7642253DB360083F150 /* knConstraints.swift */; };
		2619B7692253DBA00083F150 /* knPopup.swift in Sources */ = {isa = PBXBuildFile; fileRef = 2619B7682253DBA00083F150 /* knPopup.swift */; };
		2619B76B2253DC040083F150 /* knListView.swift in Sources */ = {isa = PBXBuildFile; fileRef = 2619B76A2253DC040083F150 /* knListView.swift */; };
		36659D414EE5F328E08E7D7D /* libPods-tripmap.a in Frameworks */ = {isa = PBXBuildFile; fileRef = F84981BDCA54F0D4C04D47FF /* libPods-tripmap.a */; };
		BB12F9152233010800812D33 /* LoginController.swift in Sources */ = {isa = PBXBuildFile; fileRef = BB12F9142233010800812D33 /* LoginController.swift */; };
		BB12F9172233012900812D33 /* SignUpController.swift in Sources */ = {isa = PBXBuildFile; fileRef = BB12F9162233012900812D33 /* SignUpController.swift */; };
		BB12F9192233014F00812D33 /* Extensions.swift in Sources */ = {isa = PBXBuildFile; fileRef = BB12F9182233014F00812D33 /* Extensions.swift */; };
		BB636F422245FB77001F425E /* UserController.swift in Sources */ = {isa = PBXBuildFile; fileRef = BB636F412245FB77001F425E /* UserController.swift */; };
		BB636F442246044E001F425E /* CategoryCell.swift in Sources */ = {isa = PBXBuildFile; fileRef = BB636F432246044E001F425E /* CategoryCell.swift */; };
		BB636F4622477C76001F425E /* Models.swift in Sources */ = {isa = PBXBuildFile; fileRef = BB636F4522477C76001F425E /* Models.swift */; };
		BB636F4A224E7604001F425E /* Protocols.swift in Sources */ = {isa = PBXBuildFile; fileRef = BB636F49224E7604001F425E /* Protocols.swift */; };
		BB636F4C2251CDFD001F425E /* MenuOption.swift in Sources */ = {isa = PBXBuildFile; fileRef = BB636F4B2251CDFD001F425E /* MenuOption.swift */; };
		BB636F4E2251CE2F001F425E /* MenuOptionCell.swift in Sources */ = {isa = PBXBuildFile; fileRef = BB636F4D2251CE2F001F425E /* MenuOptionCell.swift */; };
		BB636F502251D327001F425E /* CountryController.swift in Sources */ = {isa = PBXBuildFile; fileRef = BB636F4F2251D327001F425E /* CountryController.swift */; };
		BB8B68E522356A2600325A7E /* Point.swift in Sources */ = {isa = PBXBuildFile; fileRef = BB8B68E422356A2600325A7E /* Point.swift */; };
		BBAB97F6222FC35E00D651BD /* AppDelegate.swift in Sources */ = {isa = PBXBuildFile; fileRef = BBAB97F5222FC35E00D651BD /* AppDelegate.swift */; };
		BBAB97F8222FC35E00D651BD /* HomeController.swift in Sources */ = {isa = PBXBuildFile; fileRef = BBAB97F7222FC35E00D651BD /* HomeController.swift */; };
		BBAB97FB222FC35E00D651BD /* Main.storyboard in Resources */ = {isa = PBXBuildFile; fileRef = BBAB97F9222FC35E00D651BD /* Main.storyboard */; };
		BBAB97FD222FC35E00D651BD /* Assets.xcassets in Resources */ = {isa = PBXBuildFile; fileRef = BBAB97FC222FC35E00D651BD /* Assets.xcassets */; };
		BBAB9800222FC35E00D651BD /* LaunchScreen.storyboard in Resources */ = {isa = PBXBuildFile; fileRef = BBAB97FE222FC35E00D651BD /* LaunchScreen.storyboard */; };
		BBAB980B222FC35E00D651BD /* tripmapTests.swift in Sources */ = {isa = PBXBuildFile; fileRef = BBAB980A222FC35E00D651BD /* tripmapTests.swift */; };
		BBAB9816222FC35E00D651BD /* tripmapUITests.swift in Sources */ = {isa = PBXBuildFile; fileRef = BBAB9815222FC35E00D651BD /* tripmapUITests.swift */; };
		BBAB9824222FC38200D651BD /* Podfile in Resources */ = {isa = PBXBuildFile; fileRef = BBAB9823222FC38200D651BD /* Podfile */; };
		BBAB982B222FC67F00D651BD /* MenuController.swift in Sources */ = {isa = PBXBuildFile; fileRef = BBAB982A222FC67F00D651BD /* MenuController.swift */; };
		BBAB982D222FC6BB00D651BD /* ContainerController.swift in Sources */ = {isa = PBXBuildFile; fileRef = BBAB982C222FC6BB00D651BD /* ContainerController.swift */; };
/* End PBXBuildFile section */

/* Begin PBXContainerItemProxy section */
		BBAB9807222FC35E00D651BD /* PBXContainerItemProxy */ = {
			isa = PBXContainerItemProxy;
			containerPortal = BBAB97EA222FC35E00D651BD /* Project object */;
			proxyType = 1;
			remoteGlobalIDString = BBAB97F1222FC35E00D651BD;
			remoteInfo = tripmap;
		};
		BBAB9812222FC35E00D651BD /* PBXContainerItemProxy */ = {
			isa = PBXContainerItemProxy;
			containerPortal = BBAB97EA222FC35E00D651BD /* Project object */;
			proxyType = 1;
			remoteGlobalIDString = BBAB97F1222FC35E00D651BD;
			remoteInfo = tripmap;
		};
/* End PBXContainerItemProxy section */

/* Begin PBXFileReference section */
		08348A66DA2AC509509087FA /* Pods-tripmap.release.xcconfig */ = {isa = PBXFileReference; includeInIndex = 1; lastKnownFileType = text.xcconfig; name = "Pods-tripmap.release.xcconfig"; path = "Target Support Files/Pods-tripmap/Pods-tripmap.release.xcconfig"; sourceTree = "<group>"; };
		2619B75A2253D9F20083F150 /* GoogleService-Info.plist */ = {isa = PBXFileReference; fileEncoding = 4; lastKnownFileType = text.plist.xml; path = "GoogleService-Info.plist"; sourceTree = SOURCE_ROOT; };
		2619B75C2253DA610083F150 /* CityListView.swift */ = {isa = PBXFileReference; lastKnownFileType = sourcecode.swift; path = CityListView.swift; sourceTree = "<group>"; };
		2619B7622253DB360083F150 /* UIMaker.swift */ = {isa = PBXFileReference; lastKnownFileType = sourcecode.swift; path = UIMaker.swift; sourceTree = "<group>"; };
		2619B7632253DB360083F150 /* knExtensions.swift */ = {isa = PBXFileReference; lastKnownFileType = sourcecode.swift; name = knExtensions.swift; path = codebase/knExtensions.swift; sourceTree = "<group>"; };
		2619B7642253DB360083F150 /* knConstraints.swift */ = {isa = PBXFileReference; lastKnownFileType = sourcecode.swift; path = knConstraints.swift; sourceTree = "<group>"; };
		2619B7682253DBA00083F150 /* knPopup.swift */ = {isa = PBXFileReference; fileEncoding = 4; lastKnownFileType = sourcecode.swift; path = knPopup.swift; sourceTree = "<group>"; };
		2619B76A2253DC040083F150 /* knListView.swift */ = {isa = PBXFileReference; fileEncoding = 4; lastKnownFileType = sourcecode.swift; path = knListView.swift; sourceTree = "<group>"; };
		912B300F6ED155B119C80327 /* Pods-tripmap.debug.xcconfig */ = {isa = PBXFileReference; includeInIndex = 1; lastKnownFileType = text.xcconfig; name = "Pods-tripmap.debug.xcconfig"; path = "Target Support Files/Pods-tripmap/Pods-tripmap.debug.xcconfig"; sourceTree = "<group>"; };
		BB12F9142233010800812D33 /* LoginController.swift */ = {isa = PBXFileReference; lastKnownFileType = sourcecode.swift; path = LoginController.swift; sourceTree = "<group>"; };
		BB12F9162233012900812D33 /* SignUpController.swift */ = {isa = PBXFileReference; lastKnownFileType = sourcecode.swift; path = SignUpController.swift; sourceTree = "<group>"; };
		BB12F9182233014F00812D33 /* Extensions.swift */ = {isa = PBXFileReference; lastKnownFileType = sourcecode.swift; path = Extensions.swift; sourceTree = "<group>"; };
		BB636F412245FB77001F425E /* UserController.swift */ = {isa = PBXFileReference; lastKnownFileType = sourcecode.swift; path = UserController.swift; sourceTree = "<group>"; };
		BB636F432246044E001F425E /* CategoryCell.swift */ = {isa = PBXFileReference; lastKnownFileType = sourcecode.swift; path = CategoryCell.swift; sourceTree = "<group>"; };
		BB636F4522477C76001F425E /* Models.swift */ = {isa = PBXFileReference; lastKnownFileType = sourcecode.swift; path = Models.swift; sourceTree = "<group>"; };
		BB636F49224E7604001F425E /* Protocols.swift */ = {isa = PBXFileReference; fileEncoding = 4; lastKnownFileType = sourcecode.swift; path = Protocols.swift; sourceTree = "<group>"; };
		BB636F4B2251CDFD001F425E /* MenuOption.swift */ = {isa = PBXFileReference; lastKnownFileType = sourcecode.swift; path = MenuOption.swift; sourceTree = "<group>"; };
		BB636F4D2251CE2F001F425E /* MenuOptionCell.swift */ = {isa = PBXFileReference; lastKnownFileType = sourcecode.swift; path = MenuOptionCell.swift; sourceTree = "<group>"; };
		BB636F4F2251D327001F425E /* CountryController.swift */ = {isa = PBXFileReference; lastKnownFileType = sourcecode.swift; path = CountryController.swift; sourceTree = "<group>"; };
		BB8B68E422356A2600325A7E /* Point.swift */ = {isa = PBXFileReference; lastKnownFileType = sourcecode.swift; path = Point.swift; sourceTree = "<group>"; };
		BBAB97F2222FC35E00D651BD /* tripmap.app */ = {isa = PBXFileReference; explicitFileType = wrapper.application; includeInIndex = 0; path = tripmap.app; sourceTree = BUILT_PRODUCTS_DIR; };
		BBAB97F5222FC35E00D651BD /* AppDelegate.swift */ = {isa = PBXFileReference; lastKnownFileType = sourcecode.swift; path = AppDelegate.swift; sourceTree = "<group>"; };
		BBAB97F7222FC35E00D651BD /* HomeController.swift */ = {isa = PBXFileReference; lastKnownFileType = sourcecode.swift; path = HomeController.swift; sourceTree = "<group>"; };
		BBAB97FA222FC35E00D651BD /* Base */ = {isa = PBXFileReference; lastKnownFileType = file.storyboard; name = Base; path = Base.lproj/Main.storyboard; sourceTree = "<group>"; };
		BBAB97FC222FC35E00D651BD /* Assets.xcassets */ = {isa = PBXFileReference; lastKnownFileType = folder.assetcatalog; path = Assets.xcassets; sourceTree = "<group>"; };
		BBAB97FF222FC35E00D651BD /* Base */ = {isa = PBXFileReference; lastKnownFileType = file.storyboard; name = Base; path = Base.lproj/LaunchScreen.storyboard; sourceTree = "<group>"; };
		BBAB9801222FC35E00D651BD /* Info.plist */ = {isa = PBXFileReference; lastKnownFileType = text.plist.xml; path = Info.plist; sourceTree = "<group>"; };
		BBAB9806222FC35E00D651BD /* tripmapTests.xctest */ = {isa = PBXFileReference; explicitFileType = wrapper.cfbundle; includeInIndex = 0; path = tripmapTests.xctest; sourceTree = BUILT_PRODUCTS_DIR; };
		BBAB980A222FC35E00D651BD /* tripmapTests.swift */ = {isa = PBXFileReference; lastKnownFileType = sourcecode.swift; path = tripmapTests.swift; sourceTree = "<group>"; };
		BBAB980C222FC35E00D651BD /* Info.plist */ = {isa = PBXFileReference; lastKnownFileType = text.plist.xml; path = Info.plist; sourceTree = "<group>"; };
		BBAB9811222FC35E00D651BD /* tripmapUITests.xctest */ = {isa = PBXFileReference; explicitFileType = wrapper.cfbundle; includeInIndex = 0; path = tripmapUITests.xctest; sourceTree = BUILT_PRODUCTS_DIR; };
		BBAB9815222FC35E00D651BD /* tripmapUITests.swift */ = {isa = PBXFileReference; lastKnownFileType = sourcecode.swift; path = tripmapUITests.swift; sourceTree = "<group>"; };
		BBAB9817222FC35E00D651BD /* Info.plist */ = {isa = PBXFileReference; lastKnownFileType = text.plist.xml; path = Info.plist; sourceTree = "<group>"; };
		BBAB9823222FC38200D651BD /* Podfile */ = {isa = PBXFileReference; lastKnownFileType = text; path = Podfile; sourceTree = "<group>"; xcLanguageSpecificationIdentifier = xcode.lang.ruby; };
		BBAB982A222FC67F00D651BD /* MenuController.swift */ = {isa = PBXFileReference; lastKnownFileType = sourcecode.swift; path = MenuController.swift; sourceTree = "<group>"; };
		BBAB982C222FC6BB00D651BD /* ContainerController.swift */ = {isa = PBXFileReference; lastKnownFileType = sourcecode.swift; path = ContainerController.swift; sourceTree = "<group>"; };
		F84981BDCA54F0D4C04D47FF /* libPods-tripmap.a */ = {isa = PBXFileReference; explicitFileType = archive.ar; includeInIndex = 0; path = "libPods-tripmap.a"; sourceTree = BUILT_PRODUCTS_DIR; };
/* End PBXFileReference section */

/* Begin PBXFrameworksBuildPhase section */
		BBAB97EF222FC35E00D651BD /* Frameworks */ = {
			isa = PBXFrameworksBuildPhase;
			buildActionMask = 2147483647;
			files = (
				36659D414EE5F328E08E7D7D /* libPods-tripmap.a in Frameworks */,
			);
			runOnlyForDeploymentPostprocessing = 0;
		};
		BBAB9803222FC35E00D651BD /* Frameworks */ = {
			isa = PBXFrameworksBuildPhase;
			buildActionMask = 2147483647;
			files = (
			);
			runOnlyForDeploymentPostprocessing = 0;
		};
		BBAB980E222FC35E00D651BD /* Frameworks */ = {
			isa = PBXFrameworksBuildPhase;
			buildActionMask = 2147483647;
			files = (
			);
			runOnlyForDeploymentPostprocessing = 0;
		};
/* End PBXFrameworksBuildPhase section */

/* Begin PBXGroup section */
		449CE5D4370B453B124E1D45 /* Frameworks */ = {
			isa = PBXGroup;
			children = (
				F84981BDCA54F0D4C04D47FF /* libPods-tripmap.a */,
			);
			name = Frameworks;
			sourceTree = "<group>";
		};
		7748BC43128C209D651C4BAC /* Pods */ = {
			isa = PBXGroup;
			children = (
				912B300F6ED155B119C80327 /* Pods-tripmap.debug.xcconfig */,
				08348A66DA2AC509509087FA /* Pods-tripmap.release.xcconfig */,
			);
			path = Pods;
			sourceTree = "<group>";
		};
		BBAB97E9222FC35E00D651BD = {
			isa = PBXGroup;
			children = (
				BBAB9823222FC38200D651BD /* Podfile */,
				BBAB97F4222FC35E00D651BD /* tripmap */,
				BBAB9809222FC35E00D651BD /* tripmapTests */,
				BBAB9814222FC35E00D651BD /* tripmapUITests */,
				BBAB97F3222FC35E00D651BD /* Products */,
				7748BC43128C209D651C4BAC /* Pods */,
				449CE5D4370B453B124E1D45 /* Frameworks */,
			);
			sourceTree = "<group>";
		};
		BBAB97F3222FC35E00D651BD /* Products */ = {
			isa = PBXGroup;
			children = (
				BBAB97F2222FC35E00D651BD /* tripmap.app */,
				BBAB9806222FC35E00D651BD /* tripmapTests.xctest */,
				BBAB9811222FC35E00D651BD /* tripmapUITests.xctest */,
			);
			name = Products;
			sourceTree = "<group>";
		};
		BBAB97F4222FC35E00D651BD /* tripmap */ = {
			isa = PBXGroup;
			children = (
				2619B75A2253D9F20083F150 /* GoogleService-Info.plist */,
				BBAB9829222FC5CC00D651BD /* View */,
				BBAB9827222FC5B900D651BD /* Model */,
				BBAB9826222FC58E00D651BD /* Controller */,
				BBAB9825222FC58100D651BD /* Utils */,
				BBAB97F5222FC35E00D651BD /* AppDelegate.swift */,
				BBAB97F9222FC35E00D651BD /* Main.storyboard */,
				BBAB97FC222FC35E00D651BD /* Assets.xcassets */,
				BBAB97FE222FC35E00D651BD /* LaunchScreen.storyboard */,
				BBAB9801222FC35E00D651BD /* Info.plist */,
			);
			path = tripmap;
			sourceTree = "<group>";
		};
		BBAB9809222FC35E00D651BD /* tripmapTests */ = {
			isa = PBXGroup;
			children = (
				BBAB980A222FC35E00D651BD /* tripmapTests.swift */,
				BBAB980C222FC35E00D651BD /* Info.plist */,
			);
			path = tripmapTests;
			sourceTree = "<group>";
		};
		BBAB9814222FC35E00D651BD /* tripmapUITests */ = {
			isa = PBXGroup;
			children = (
				BBAB9815222FC35E00D651BD /* tripmapUITests.swift */,
				BBAB9817222FC35E00D651BD /* Info.plist */,
			);
			path = tripmapUITests;
			sourceTree = "<group>";
		};
		BBAB9825222FC58100D651BD /* Utils */ = {
			isa = PBXGroup;
			children = (
				2619B7682253DBA00083F150 /* knPopup.swift */,
				2619B76A2253DC040083F150 /* knListView.swift */,
				2619B7632253DB360083F150 /* knExtensions.swift */,
				2619B7642253DB360083F150 /* knConstraints.swift */,
				2619B7622253DB360083F150 /* UIMaker.swift */,
				BB636F49224E7604001F425E /* Protocols.swift */,
				BB12F9182233014F00812D33 /* Extensions.swift */,
			);
			path = Utils;
			sourceTree = "<group>";
		};
		BBAB9826222FC58E00D651BD /* Controller */ = {
			isa = PBXGroup;
			children = (
				BBAB97F7222FC35E00D651BD /* HomeController.swift */,
				BBAB982A222FC67F00D651BD /* MenuController.swift */,
				BBAB982C222FC6BB00D651BD /* ContainerController.swift */,
				BB12F9142233010800812D33 /* LoginController.swift */,
				BB12F9162233012900812D33 /* SignUpController.swift */,
				BB636F412245FB77001F425E /* UserController.swift */,
				BB636F4F2251D327001F425E /* CountryController.swift */,
			);
			path = Controller;
			sourceTree = "<group>";
		};
		BBAB9827222FC5B900D651BD /* Model */ = {
			isa = PBXGroup;
			children = (
				BB8B68E422356A2600325A7E /* Point.swift */,
				BB636F4B2251CDFD001F425E /* MenuOption.swift */,
			);
			path = Model;
			sourceTree = "<group>";
		};
		BBAB9829222FC5CC00D651BD /* View */ = {
			isa = PBXGroup;
			children = (
				BB636F432246044E001F425E /* CategoryCell.swift */,
				BB636F4522477C76001F425E /* Models.swift */,
				BB636F4D2251CE2F001F425E /* MenuOptionCell.swift */,
				2619B75C2253DA610083F150 /* CityListView.swift */,
			);
			path = View;
			sourceTree = "<group>";
		};
/* End PBXGroup section */

/* Begin PBXNativeTarget section */
		BBAB97F1222FC35E00D651BD /* tripmap */ = {
			isa = PBXNativeTarget;
			buildConfigurationList = BBAB981A222FC35E00D651BD /* Build configuration list for PBXNativeTarget "tripmap" */;
			buildPhases = (
				23905131575335B338103C7F /* [CP] Check Pods Manifest.lock */,
				BBAB97EE222FC35E00D651BD /* Sources */,
				BBAB97EF222FC35E00D651BD /* Frameworks */,
				BBAB97F0222FC35E00D651BD /* Resources */,
				121F5349085CD1DD2F97146B /* [CP] Copy Pods Resources */,
			);
			buildRules = (
			);
			dependencies = (
			);
			name = tripmap;
			productName = tripmap;
			productReference = BBAB97F2222FC35E00D651BD /* tripmap.app */;
			productType = "com.apple.product-type.application";
		};
		BBAB9805222FC35E00D651BD /* tripmapTests */ = {
			isa = PBXNativeTarget;
			buildConfigurationList = BBAB981D222FC35E00D651BD /* Build configuration list for PBXNativeTarget "tripmapTests" */;
			buildPhases = (
				BBAB9802222FC35E00D651BD /* Sources */,
				BBAB9803222FC35E00D651BD /* Frameworks */,
				BBAB9804222FC35E00D651BD /* Resources */,
			);
			buildRules = (
			);
			dependencies = (
				BBAB9808222FC35E00D651BD /* PBXTargetDependency */,
			);
			name = tripmapTests;
			productName = tripmapTests;
			productReference = BBAB9806222FC35E00D651BD /* tripmapTests.xctest */;
			productType = "com.apple.product-type.bundle.unit-test";
		};
		BBAB9810222FC35E00D651BD /* tripmapUITests */ = {
			isa = PBXNativeTarget;
			buildConfigurationList = BBAB9820222FC35E00D651BD /* Build configuration list for PBXNativeTarget "tripmapUITests" */;
			buildPhases = (
				BBAB980D222FC35E00D651BD /* Sources */,
				BBAB980E222FC35E00D651BD /* Frameworks */,
				BBAB980F222FC35E00D651BD /* Resources */,
			);
			buildRules = (
			);
			dependencies = (
				BBAB9813222FC35E00D651BD /* PBXTargetDependency */,
			);
			name = tripmapUITests;
			productName = tripmapUITests;
			productReference = BBAB9811222FC35E00D651BD /* tripmapUITests.xctest */;
			productType = "com.apple.product-type.bundle.ui-testing";
		};
/* End PBXNativeTarget section */

/* Begin PBXProject section */
		BBAB97EA222FC35E00D651BD /* Project object */ = {
			isa = PBXProject;
			attributes = {
				LastSwiftUpdateCheck = 0920;
				LastUpgradeCheck = 0920;
				ORGANIZATIONNAME = "Anthony Yip";
				TargetAttributes = {
					BBAB97F1222FC35E00D651BD = {
						CreatedOnToolsVersion = 9.2;
						ProvisioningStyle = Automatic;
					};
					BBAB9805222FC35E00D651BD = {
						CreatedOnToolsVersion = 9.2;
						ProvisioningStyle = Automatic;
						TestTargetID = BBAB97F1222FC35E00D651BD;
					};
					BBAB9810222FC35E00D651BD = {
						CreatedOnToolsVersion = 9.2;
						ProvisioningStyle = Automatic;
						TestTargetID = BBAB97F1222FC35E00D651BD;
					};
				};
			};
			buildConfigurationList = BBAB97ED222FC35E00D651BD /* Build configuration list for PBXProject "tripmap" */;
			compatibilityVersion = "Xcode 8.0";
			developmentRegion = en;
			hasScannedForEncodings = 0;
			knownRegions = (
				en,
				Base,
			);
			mainGroup = BBAB97E9222FC35E00D651BD;
			productRefGroup = BBAB97F3222FC35E00D651BD /* Products */;
			projectDirPath = "";
			projectRoot = "";
			targets = (
				BBAB97F1222FC35E00D651BD /* tripmap */,
				BBAB9805222FC35E00D651BD /* tripmapTests */,
				BBAB9810222FC35E00D651BD /* tripmapUITests */,
			);
		};
/* End PBXProject section */

/* Begin PBXResourcesBuildPhase section */
		BBAB97F0222FC35E00D651BD /* Resources */ = {
			isa = PBXResourcesBuildPhase;
			buildActionMask = 2147483647;
			files = (
				BBAB9800222FC35E00D651BD /* LaunchScreen.storyboard in Resources */,
				BBAB97FD222FC35E00D651BD /* Assets.xcassets in Resources */,
				2619B75B2253D9F20083F150 /* GoogleService-Info.plist in Resources */,
				BBAB9824222FC38200D651BD /* Podfile in Resources */,
				BBAB97FB222FC35E00D651BD /* Main.storyboard in Resources */,
			);
			runOnlyForDeploymentPostprocessing = 0;
		};
		BBAB9804222FC35E00D651BD /* Resources */ = {
			isa = PBXResourcesBuildPhase;
			buildActionMask = 2147483647;
			files = (
			);
			runOnlyForDeploymentPostprocessing = 0;
		};
		BBAB980F222FC35E00D651BD /* Resources */ = {
			isa = PBXResourcesBuildPhase;
			buildActionMask = 2147483647;
			files = (
			);
			runOnlyForDeploymentPostprocessing = 0;
		};
/* End PBXResourcesBuildPhase section */

/* Begin PBXShellScriptBuildPhase section */
		121F5349085CD1DD2F97146B /* [CP] Copy Pods Resources */ = {
			isa = PBXShellScriptBuildPhase;
			buildActionMask = 2147483647;
			files = (
			);
			inputPaths = (
				"${PODS_ROOT}/Target Support Files/Pods-tripmap/Pods-tripmap-resources.sh",
				"${PODS_ROOT}/GoogleMaps/Maps/Frameworks/GoogleMaps.framework/Resources/GoogleMaps.bundle",
				"${PODS_ROOT}/GooglePlaces/Frameworks/GooglePlaces.framework/Resources/GooglePlaces.bundle",
				"${PODS_ROOT}/GoogleSignIn/Resources/GoogleSignIn.bundle",
				"${PODS_CONFIGURATION_BUILD_DIR}/gRPC-C++/gRPCCertificates.bundle",
			);
			name = "[CP] Copy Pods Resources";
			outputPaths = (
				"${TARGET_BUILD_DIR}/${UNLOCALIZED_RESOURCES_FOLDER_PATH}/GoogleMaps.bundle",
				"${TARGET_BUILD_DIR}/${UNLOCALIZED_RESOURCES_FOLDER_PATH}/GooglePlaces.bundle",
				"${TARGET_BUILD_DIR}/${UNLOCALIZED_RESOURCES_FOLDER_PATH}/GoogleSignIn.bundle",
				"${TARGET_BUILD_DIR}/${UNLOCALIZED_RESOURCES_FOLDER_PATH}/gRPCCertificates.bundle",
			);
			runOnlyForDeploymentPostprocessing = 0;
			shellPath = /bin/sh;
			shellScript = "\"${PODS_ROOT}/Target Support Files/Pods-tripmap/Pods-tripmap-resources.sh\"\n";
			showEnvVarsInLog = 0;
		};
		23905131575335B338103C7F /* [CP] Check Pods Manifest.lock */ = {
			isa = PBXShellScriptBuildPhase;
			buildActionMask = 2147483647;
			files = (
			);
			inputPaths = (
				"${PODS_PODFILE_DIR_PATH}/Podfile.lock",
				"${PODS_ROOT}/Manifest.lock",
			);
			name = "[CP] Check Pods Manifest.lock";
			outputPaths = (
				"$(DERIVED_FILE_DIR)/Pods-tripmap-checkManifestLockResult.txt",
			);
			runOnlyForDeploymentPostprocessing = 0;
			shellPath = /bin/sh;
			shellScript = "diff \"${PODS_PODFILE_DIR_PATH}/Podfile.lock\" \"${PODS_ROOT}/Manifest.lock\" > /dev/null\nif [ $? != 0 ] ; then\n    # print error to STDERR\n    echo \"error: The sandbox is not in sync with the Podfile.lock. Run 'pod install' or update your CocoaPods installation.\" >&2\n    exit 1\nfi\n# This output is used by Xcode 'outputs' to avoid re-running this script phase.\necho \"SUCCESS\" > \"${SCRIPT_OUTPUT_FILE_0}\"\n";
			showEnvVarsInLog = 0;
		};
/* End PBXShellScriptBuildPhase section */

/* Begin PBXSourcesBuildPhase section */
		BBAB97EE222FC35E00D651BD /* Sources */ = {
			isa = PBXSourcesBuildPhase;
			buildActionMask = 2147483647;
			files = (
				2619B75D2253DA610083F150 /* CityListView.swift in Sources */,
				2619B7652253DB360083F150 /* knExtensions.swift in Sources */,
				BBAB97F8222FC35E00D651BD /* HomeController.swift in Sources */,
				BB12F9172233012900812D33 /* SignUpController.swift in Sources */,
				BB636F442246044E001F425E /* CategoryCell.swift in Sources */,
				BB636F422245FB77001F425E /* UserController.swift in Sources */,
				BB12F9192233014F00812D33 /* Extensions.swift in Sources */,
				BB636F4622477C76001F425E /* Models.swift in Sources */,
				2619B76B2253DC040083F150 /* knListView.swift in Sources */,
				BB636F4C2251CDFD001F425E /* MenuOption.swift in Sources */,
				BBAB982B222FC67F00D651BD /* MenuController.swift in Sources */,
				BB8B68E522356A2600325A7E /* Point.swift in Sources */,
				BB12F9152233010800812D33 /* LoginController.swift in Sources */,
				BBAB97F6222FC35E00D651BD /* AppDelegate.swift in Sources */,
				BB636F4E2251CE2F001F425E /* MenuOptionCell.swift in Sources */,
				2619B7672253DB360083F150 /* knConstraints.swift in Sources */,
				BB636F502251D327001F425E /* CountryController.swift in Sources */,
				BBAB982D222FC6BB00D651BD /* ContainerController.swift in Sources */,
				2619B7692253DBA00083F150 /* knPopup.swift in Sources */,
				2619B7662253DB360083F150 /* UIMaker.swift in Sources */,
				BB636F4A224E7604001F425E /* Protocols.swift in Sources */,
			);
			runOnlyForDeploymentPostprocessing = 0;
		};
		BBAB9802222FC35E00D651BD /* Sources */ = {
			isa = PBXSourcesBuildPhase;
			buildActionMask = 2147483647;
			files = (
				BBAB980B222FC35E00D651BD /* tripmapTests.swift in Sources */,
			);
			runOnlyForDeploymentPostprocessing = 0;
		};
		BBAB980D222FC35E00D651BD /* Sources */ = {
			isa = PBXSourcesBuildPhase;
			buildActionMask = 2147483647;
			files = (
				BBAB9816222FC35E00D651BD /* tripmapUITests.swift in Sources */,
			);
			runOnlyForDeploymentPostprocessing = 0;
		};
/* End PBXSourcesBuildPhase section */

/* Begin PBXTargetDependency section */
		BBAB9808222FC35E00D651BD /* PBXTargetDependency */ = {
			isa = PBXTargetDependency;
			target = BBAB97F1222FC35E00D651BD /* tripmap */;
			targetProxy = BBAB9807222FC35E00D651BD /* PBXContainerItemProxy */;
		};
		BBAB9813222FC35E00D651BD /* PBXTargetDependency */ = {
			isa = PBXTargetDependency;
			target = BBAB97F1222FC35E00D651BD /* tripmap */;
			targetProxy = BBAB9812222FC35E00D651BD /* PBXContainerItemProxy */;
		};
/* End PBXTargetDependency section */

/* Begin PBXVariantGroup section */
		BBAB97F9222FC35E00D651BD /* Main.storyboard */ = {
			isa = PBXVariantGroup;
			children = (
				BBAB97FA222FC35E00D651BD /* Base */,
			);
			name = Main.storyboard;
			sourceTree = "<group>";
		};
		BBAB97FE222FC35E00D651BD /* LaunchScreen.storyboard */ = {
			isa = PBXVariantGroup;
			children = (
				BBAB97FF222FC35E00D651BD /* Base */,
			);
			name = LaunchScreen.storyboard;
			sourceTree = "<group>";
		};
/* End PBXVariantGroup section */

/* Begin XCBuildConfiguration section */
		BBAB9818222FC35E00D651BD /* Debug */ = {
			isa = XCBuildConfiguration;
			buildSettings = {
				ALWAYS_SEARCH_USER_PATHS = NO;
				CLANG_ANALYZER_NONNULL = YES;
				CLANG_ANALYZER_NUMBER_OBJECT_CONVERSION = YES_AGGRESSIVE;
				CLANG_CXX_LANGUAGE_STANDARD = "gnu++14";
				CLANG_CXX_LIBRARY = "libc++";
				CLANG_ENABLE_MODULES = YES;
				CLANG_ENABLE_OBJC_ARC = YES;
				CLANG_WARN_BLOCK_CAPTURE_AUTORELEASING = YES;
				CLANG_WARN_BOOL_CONVERSION = YES;
				CLANG_WARN_COMMA = YES;
				CLANG_WARN_CONSTANT_CONVERSION = YES;
				CLANG_WARN_DIRECT_OBJC_ISA_USAGE = YES_ERROR;
				CLANG_WARN_DOCUMENTATION_COMMENTS = YES;
				CLANG_WARN_EMPTY_BODY = YES;
				CLANG_WARN_ENUM_CONVERSION = YES;
				CLANG_WARN_INFINITE_RECURSION = YES;
				CLANG_WARN_INT_CONVERSION = YES;
				CLANG_WARN_NON_LITERAL_NULL_CONVERSION = YES;
				CLANG_WARN_OBJC_LITERAL_CONVERSION = YES;
				CLANG_WARN_OBJC_ROOT_CLASS = YES_ERROR;
				CLANG_WARN_RANGE_LOOP_ANALYSIS = YES;
				CLANG_WARN_STRICT_PROTOTYPES = YES;
				CLANG_WARN_SUSPICIOUS_MOVE = YES;
				CLANG_WARN_UNGUARDED_AVAILABILITY = YES_AGGRESSIVE;
				CLANG_WARN_UNREACHABLE_CODE = YES;
				CLANG_WARN__DUPLICATE_METHOD_MATCH = YES;
				CODE_SIGN_IDENTITY = "iPhone Developer";
				COPY_PHASE_STRIP = NO;
				DEBUG_INFORMATION_FORMAT = dwarf;
				ENABLE_STRICT_OBJC_MSGSEND = YES;
				ENABLE_TESTABILITY = YES;
				GCC_C_LANGUAGE_STANDARD = gnu11;
				GCC_DYNAMIC_NO_PIC = NO;
				GCC_NO_COMMON_BLOCKS = YES;
				GCC_OPTIMIZATION_LEVEL = 0;
				GCC_PREPROCESSOR_DEFINITIONS = (
					"DEBUG=1",
					"$(inherited)",
				);
				GCC_WARN_64_TO_32_BIT_CONVERSION = YES;
				GCC_WARN_ABOUT_RETURN_TYPE = YES_ERROR;
				GCC_WARN_UNDECLARED_SELECTOR = YES;
				GCC_WARN_UNINITIALIZED_AUTOS = YES_AGGRESSIVE;
				GCC_WARN_UNUSED_FUNCTION = YES;
				GCC_WARN_UNUSED_VARIABLE = YES;
				IPHONEOS_DEPLOYMENT_TARGET = 11.2;
				MTL_ENABLE_DEBUG_INFO = YES;
				ONLY_ACTIVE_ARCH = YES;
				SDKROOT = iphoneos;
				SWIFT_ACTIVE_COMPILATION_CONDITIONS = DEBUG;
				SWIFT_OPTIMIZATION_LEVEL = "-Onone";
			};
			name = Debug;
		};
		BBAB9819222FC35E00D651BD /* Release */ = {
			isa = XCBuildConfiguration;
			buildSettings = {
				ALWAYS_SEARCH_USER_PATHS = NO;
				CLANG_ANALYZER_NONNULL = YES;
				CLANG_ANALYZER_NUMBER_OBJECT_CONVERSION = YES_AGGRESSIVE;
				CLANG_CXX_LANGUAGE_STANDARD = "gnu++14";
				CLANG_CXX_LIBRARY = "libc++";
				CLANG_ENABLE_MODULES = YES;
				CLANG_ENABLE_OBJC_ARC = YES;
				CLANG_WARN_BLOCK_CAPTURE_AUTORELEASING = YES;
				CLANG_WARN_BOOL_CONVERSION = YES;
				CLANG_WARN_COMMA = YES;
				CLANG_WARN_CONSTANT_CONVERSION = YES;
				CLANG_WARN_DIRECT_OBJC_ISA_USAGE = YES_ERROR;
				CLANG_WARN_DOCUMENTATION_COMMENTS = YES;
				CLANG_WARN_EMPTY_BODY = YES;
				CLANG_WARN_ENUM_CONVERSION = YES;
				CLANG_WARN_INFINITE_RECURSION = YES;
				CLANG_WARN_INT_CONVERSION = YES;
				CLANG_WARN_NON_LITERAL_NULL_CONVERSION = YES;
				CLANG_WARN_OBJC_LITERAL_CONVERSION = YES;
				CLANG_WARN_OBJC_ROOT_CLASS = YES_ERROR;
				CLANG_WARN_RANGE_LOOP_ANALYSIS = YES;
				CLANG_WARN_STRICT_PROTOTYPES = YES;
				CLANG_WARN_SUSPICIOUS_MOVE = YES;
				CLANG_WARN_UNGUARDED_AVAILABILITY = YES_AGGRESSIVE;
				CLANG_WARN_UNREACHABLE_CODE = YES;
				CLANG_WARN__DUPLICATE_METHOD_MATCH = YES;
				CODE_SIGN_IDENTITY = "iPhone Developer";
				COPY_PHASE_STRIP = NO;
				DEBUG_INFORMATION_FORMAT = "dwarf-with-dsym";
				ENABLE_NS_ASSERTIONS = NO;
				ENABLE_STRICT_OBJC_MSGSEND = YES;
				GCC_C_LANGUAGE_STANDARD = gnu11;
				GCC_NO_COMMON_BLOCKS = YES;
				GCC_WARN_64_TO_32_BIT_CONVERSION = YES;
				GCC_WARN_ABOUT_RETURN_TYPE = YES_ERROR;
				GCC_WARN_UNDECLARED_SELECTOR = YES;
				GCC_WARN_UNINITIALIZED_AUTOS = YES_AGGRESSIVE;
				GCC_WARN_UNUSED_FUNCTION = YES;
				GCC_WARN_UNUSED_VARIABLE = YES;
				IPHONEOS_DEPLOYMENT_TARGET = 11.2;
				MTL_ENABLE_DEBUG_INFO = NO;
				SDKROOT = iphoneos;
				SWIFT_OPTIMIZATION_LEVEL = "-Owholemodule";
				VALIDATE_PRODUCT = YES;
			};
			name = Release;
		};
		BBAB981B222FC35E00D651BD /* Debug */ = {
			isa = XCBuildConfiguration;
			baseConfigurationReference = 912B300F6ED155B119C80327 /* Pods-tripmap.debug.xcconfig */;
			buildSettings = {
				ASSETCATALOG_COMPILER_APPICON_NAME = AppIcon;
				CODE_SIGN_STYLE = Automatic;
				DEVELOPMENT_TEAM = QFH99JVTCB;
				INFOPLIST_FILE = tripmap/Info.plist;
				LD_RUNPATH_SEARCH_PATHS = "$(inherited) @executable_path/Frameworks";
				PRODUCT_BUNDLE_IDENTIFIER = first.tripmap;
				PRODUCT_NAME = "$(TARGET_NAME)";
				SWIFT_VERSION = 4.0;
				TARGETED_DEVICE_FAMILY = "1,2";
			};
			name = Debug;
		};
		BBAB981C222FC35E00D651BD /* Release */ = {
			isa = XCBuildConfiguration;
			baseConfigurationReference = 08348A66DA2AC509509087FA /* Pods-tripmap.release.xcconfig */;
			buildSettings = {
				ASSETCATALOG_COMPILER_APPICON_NAME = AppIcon;
				CODE_SIGN_STYLE = Automatic;
				DEVELOPMENT_TEAM = QFH99JVTCB;
				INFOPLIST_FILE = tripmap/Info.plist;
				LD_RUNPATH_SEARCH_PATHS = "$(inherited) @executable_path/Frameworks";
				PRODUCT_BUNDLE_IDENTIFIER = first.tripmap;
				PRODUCT_NAME = "$(TARGET_NAME)";
				SWIFT_VERSION = 4.0;
				TARGETED_DEVICE_FAMILY = "1,2";
			};
			name = Release;
		};
		BBAB981E222FC35E00D651BD /* Debug */ = {
			isa = XCBuildConfiguration;
			buildSettings = {
				ALWAYS_EMBED_SWIFT_STANDARD_LIBRARIES = YES;
				BUNDLE_LOADER = "$(TEST_HOST)";
				CODE_SIGN_STYLE = Automatic;
				DEVELOPMENT_TEAM = QFH99JVTCB;
				INFOPLIST_FILE = tripmapTests/Info.plist;
				LD_RUNPATH_SEARCH_PATHS = "$(inherited) @executable_path/Frameworks @loader_path/Frameworks";
				PRODUCT_BUNDLE_IDENTIFIER = first.tripmapTests;
				PRODUCT_NAME = "$(TARGET_NAME)";
				SWIFT_VERSION = 4.0;
				TARGETED_DEVICE_FAMILY = "1,2";
				TEST_HOST = "$(BUILT_PRODUCTS_DIR)/tripmap.app/tripmap";
			};
			name = Debug;
		};
		BBAB981F222FC35E00D651BD /* Release */ = {
			isa = XCBuildConfiguration;
			buildSettings = {
				ALWAYS_EMBED_SWIFT_STANDARD_LIBRARIES = YES;
				BUNDLE_LOADER = "$(TEST_HOST)";
				CODE_SIGN_STYLE = Automatic;
				DEVELOPMENT_TEAM = QFH99JVTCB;
				INFOPLIST_FILE = tripmapTests/Info.plist;
				LD_RUNPATH_SEARCH_PATHS = "$(inherited) @executable_path/Frameworks @loader_path/Frameworks";
				PRODUCT_BUNDLE_IDENTIFIER = first.tripmapTests;
				PRODUCT_NAME = "$(TARGET_NAME)";
				SWIFT_VERSION = 4.0;
				TARGETED_DEVICE_FAMILY = "1,2";
				TEST_HOST = "$(BUILT_PRODUCTS_DIR)/tripmap.app/tripmap";
			};
			name = Release;
		};
		BBAB9821222FC35E00D651BD /* Debug */ = {
			isa = XCBuildConfiguration;
			buildSettings = {
				ALWAYS_EMBED_SWIFT_STANDARD_LIBRARIES = YES;
				CODE_SIGN_STYLE = Automatic;
				DEVELOPMENT_TEAM = QFH99JVTCB;
				INFOPLIST_FILE = tripmapUITests/Info.plist;
				LD_RUNPATH_SEARCH_PATHS = "$(inherited) @executable_path/Frameworks @loader_path/Frameworks";
				PRODUCT_BUNDLE_IDENTIFIER = first.tripmapUITests;
				PRODUCT_NAME = "$(TARGET_NAME)";
				SWIFT_VERSION = 4.0;
				TARGETED_DEVICE_FAMILY = "1,2";
				TEST_TARGET_NAME = tripmap;
			};
			name = Debug;
		};
		BBAB9822222FC35E00D651BD /* Release */ = {
			isa = XCBuildConfiguration;
			buildSettings = {
				ALWAYS_EMBED_SWIFT_STANDARD_LIBRARIES = YES;
				CODE_SIGN_STYLE = Automatic;
				DEVELOPMENT_TEAM = QFH99JVTCB;
				INFOPLIST_FILE = tripmapUITests/Info.plist;
				LD_RUNPATH_SEARCH_PATHS = "$(inherited) @executable_path/Frameworks @loader_path/Frameworks";
				PRODUCT_BUNDLE_IDENTIFIER = first.tripmapUITests;
				PRODUCT_NAME = "$(TARGET_NAME)";
				SWIFT_VERSION = 4.0;
				TARGETED_DEVICE_FAMILY = "1,2";
				TEST_TARGET_NAME = tripmap;
			};
			name = Release;
		};
/* End XCBuildConfiguration section */

/* Begin XCConfigurationList section */
		BBAB97ED222FC35E00D651BD /* Build configuration list for PBXProject "tripmap" */ = {
			isa = XCConfigurationList;
			buildConfigurations = (
				BBAB9818222FC35E00D651BD /* Debug */,
				BBAB9819222FC35E00D651BD /* Release */,
			);
			defaultConfigurationIsVisible = 0;
			defaultConfigurationName = Release;
		};
		BBAB981A222FC35E00D651BD /* Build configuration list for PBXNativeTarget "tripmap" */ = {
			isa = XCConfigurationList;
			buildConfigurations = (
				BBAB981B222FC35E00D651BD /* Debug */,
				BBAB981C222FC35E00D651BD /* Release */,
			);
			defaultConfigurationIsVisible = 0;
			defaultConfigurationName = Release;
		};
		BBAB981D222FC35E00D651BD /* Build configuration list for PBXNativeTarget "tripmapTests" */ = {
			isa = XCConfigurationList;
			buildConfigurations = (
				BBAB981E222FC35E00D651BD /* Debug */,
				BBAB981F222FC35E00D651BD /* Release */,
			);
			defaultConfigurationIsVisible = 0;
			defaultConfigurationName = Release;
		};
		BBAB9820222FC35E00D651BD /* Build configuration list for PBXNativeTarget "tripmapUITests" */ = {
			isa = XCConfigurationList;
			buildConfigurations = (
				BBAB9821222FC35E00D651BD /* Debug */,
				BBAB9822222FC35E00D651BD /* Release */,
			);
			defaultConfigurationIsVisible = 0;
			defaultConfigurationName = Release;
		};
/* End XCConfigurationList section */
	};
	rootObject = BBAB97EA222FC35E00D651BD /* Project object */;
}
